
Microsoft Visual Studio Solution File, Format Version 12.00
# Visual Studio Version 16
VisualStudioVersion = 16.0.30413.136
MinimumVisualStudioVersion = 10.0.40219.1
Project("{FAE04EC0-301F-11D3-BF4B-00C04F79EFBC}") = "TimeDate Application", "TimeDate Application.csproj", "{4BC666EE-BDD0-4C8C-92D4-3CBDEEC64573}"
EndProject
Global
	GlobalSection(SolutionConfigurationPlatforms) = preSolution
		Debug|Any CPU = Debug|Any CPU
		Release|Any CPU = Release|Any CPU
	EndGlobalSection
	GlobalSection(ProjectConfigurationPlatforms) = postSolution
		{4BC666EE-BDD0-4C8C-92D4-3CBDEEC64573}.Debug|Any CPU.ActiveCfg = Debug|Any CPU
		{4BC666EE-BDD0-4C8C-92D4-3CBDEEC64573}.Debug|Any CPU.Build.0 = Debug|Any CPU
		{4BC666EE-BDD0-4C8C-92D4-3CBDEEC64573}.Release|Any CPU.ActiveCfg = Release|Any CPU
		{4BC666EE-BDD0-4C8C-92D4-3CBDEEC64573}.Release|Any CPU.Build.0 = Release|Any CPU
	EndGlobalSection
	GlobalSection(SolutionProperties) = preSolution
		HideSolutionNode = FALSE
	EndGlobalSection
	GlobalSection(ExtensibilityGlobals) = postSolution
		SolutionGuid = {C32BD01F-358B-45D5-AC7F-133283F0E4D9}
	EndGlobalSection
EndGlobal
